{
  "name": "oas-infra",
  "version": "0.0.0",
  "lockfileVersion": 3,
  "requires": true,
  "packages": {
    "": {
      "name": "oas-infra",
      "version": "0.0.0",
      "license": "Apache-2.0",
      "dependencies": {
        "@oai/build-infra": "file:../build-infra"
      }
    },
    "../build-infra": {
      "name": "@oai/build-infra",
      "version": "0.0.0",
      "license": "Apache-2.0",
      "dependencies": {
        "@hyperjump/browser": "^1.0.0",
        "@hyperjump/json-schema": "^1.0.0",
        "@hyperjump/json-schema-coverage": "^1.2.1",
        "@umbrelladocs/linkspector": "^0.5.3",
        "@vitest/coverage-v8": "^4.1.9",
        "c8": "^11.0.0",
        "cheerio": "^1.2.0",
        "content-type": "^1.0.0",
        "highlight.js": "^11.11.1",
        "markdown-it": "^14.2.0",
        "markdownlint-cli2": "^0.22.1",
        "respec": "37.1.0",
        "vitest": "^4.0.1",
        "yaml": "^2.9.0",
        "yargs": "^18.0.0"
      },
      "bin": {
        "oai-spec-build": "bin/oai-spec-build",
        "oai-spec-format-markdown": "bin/oai-spec-format-markdown",
        "oai-spec-publish-schemas": "bin/oai-spec-publish-schemas",
        "oai-spec-test": "bin/oai-spec-test",
        "oai-spec-validate-markdown": "bin/oai-spec-validate-markdown"
      }
    },
    "node_modules/@oai/build-infra": {
      "resolved": "../build-infra",
      "link": true
    }
  }
}
